<Solution>
  <Folder Name="/SolutionItems/">
    <File Path=".editorconfig" />
    <File Path=".gitignore" />
    <File Path="Directory.Build.props" />
    <File Path="Directory.Packages.props" />
  </Folder>
  <Folder Name="/Tests/" />
  <Project Path="src/Floe.Cli/Floe.Cli.csproj" />
  <Project Path="src/Floe.Core/Floe.Core.csproj" />
</Solution>
