<Solution>
  <Folder Name="/SolutionItems/">
    <File Path=".editorconfig" />
    <File Path=".gitignore" />
    <File Path="Directory.Build.props" />
    <File Path="Directory.Packages.props" />
  </Folder>
  <Folder Name="/Tests/">
    <Project Path="Tests/Floe.Cli.Tests/Floe.Cli.Tests.csproj" />
    <Project Path="tests/Floe.Core.Tests/Floe.Core.Tests.csproj" />
  </Folder>
  <Project Path="src/Floe.Cli/Floe.Cli.csproj" />
  <Project Path="src/Floe.Core/Floe.Core.csproj" />
</Solution>
